
Microsoft Visual Studio Solution File, Format Version 12.00
# Visual Studio Version 17
VisualStudioVersion = 17.14.36203.30
MinimumVisualStudioVersion = 10.0.40219.1
Project("{FAE04EC0-301F-11D3-BF4B-00C04F79EFBC}") = "BattleshipLite", "ConsoleUI\BattleshipLite.csproj", "{10414999-AB5B-4389-BA9D-8342C5F19555}"
EndProject
Project("{FAE04EC0-301F-11D3-BF4B-00C04F79EFBC}") = "BattleshipLiteLibrary", "BattleshipLiteLibrary\BattleshipLiteLibrary.csproj", "{A2FDE23E-F1BC-414B-9482-7B605EF4AA01}"
EndProject
Global
	GlobalSection(SolutionConfigurationPlatforms) = preSolution
		Debug|Any CPU = Debug|Any CPU
		Release|Any CPU = Release|Any CPU
	EndGlobalSection
	GlobalSection(ProjectConfigurationPlatforms) = postSolution
		{10414999-AB5B-4389-BA9D-8342C5F19555}.Debug|Any CPU.ActiveCfg = Debug|Any CPU
		{10414999-AB5B-4389-BA9D-8342C5F19555}.Debug|Any CPU.Build.0 = Debug|Any CPU
		{10414999-AB5B-4389-BA9D-8342C5F19555}.Release|Any CPU.ActiveCfg = Release|Any CPU
		{10414999-AB5B-4389-BA9D-8342C5F19555}.Release|Any CPU.Build.0 = Release|Any CPU
		{A2FDE23E-F1BC-414B-9482-7B605EF4AA01}.Debug|Any CPU.ActiveCfg = Debug|Any CPU
		{A2FDE23E-F1BC-414B-9482-7B605EF4AA01}.Debug|Any CPU.Build.0 = Debug|Any CPU
		{A2FDE23E-F1BC-414B-9482-7B605EF4AA01}.Release|Any CPU.ActiveCfg = Release|Any CPU
		{A2FDE23E-F1BC-414B-9482-7B605EF4AA01}.Release|Any CPU.Build.0 = Release|Any CPU
	EndGlobalSection
	GlobalSection(SolutionProperties) = preSolution
		HideSolutionNode = FALSE
	EndGlobalSection
	GlobalSection(ExtensibilityGlobals) = postSolution
		SolutionGuid = {F3451F35-5ED2-41BD-81FB-07A588329FEC}
	EndGlobalSection
EndGlobal
